
Microsoft Visual Studio Solution File, Format Version 12.00
# Visual Studio Version 17
VisualStudioVersion = 17.4.33110.190
MinimumVisualStudioVersion = 10.0.40219.1
Project("{FAE04EC0-301F-11D3-BF4B-00C04F79EFBC}") = "IOT-SmartParkingSystem", "Csharp-MühTas1\IOT-SmartParkingSystem.csproj", "{36B6BD35-205C-4074-9E2F-E6E418A68426}"
EndProject
Project("{54435603-DBB4-11D2-8724-00A0C9A8B90C}") = "SmartParkingSetup", "SmartParkingSetup\SmartParkingSetup.vdproj", "{D97A4D3A-B819-4789-BC19-B5194862DF90}"
EndProject
Project("{54435603-DBB4-11D2-8724-00A0C9A8B90C}") = "smartsetup", "smartsetup\smartsetup.vdproj", "{27C87C25-2421-4A2C-9205-B7A209B1BD8C}"
EndProject
Project("{54435603-DBB4-11D2-8724-00A0C9A8B90C}") = "SmartSetup2", "SmartSetup2\SmartSetup2.vdproj", "{8FF1C97C-785D-477A-BCD0-87185414267B}"
EndProject
Global
	GlobalSection(SolutionConfigurationPlatforms) = preSolution
		Debug|Any CPU = Debug|Any CPU
		Release|Any CPU = Release|Any CPU
	EndGlobalSection
	GlobalSection(ProjectConfigurationPlatforms) = postSolution
		{36B6BD35-205C-4074-9E2F-E6E418A68426}.Debug|Any CPU.ActiveCfg = Debug|Any CPU
		{36B6BD35-205C-4074-9E2F-E6E418A68426}.Debug|Any CPU.Build.0 = Debug|Any CPU
		{36B6BD35-205C-4074-9E2F-E6E418A68426}.Release|Any CPU.ActiveCfg = Release|Any CPU
		{36B6BD35-205C-4074-9E2F-E6E418A68426}.Release|Any CPU.Build.0 = Release|Any CPU
		{D97A4D3A-B819-4789-BC19-B5194862DF90}.Debug|Any CPU.ActiveCfg = Debug
		{D97A4D3A-B819-4789-BC19-B5194862DF90}.Release|Any CPU.ActiveCfg = Release
		{27C87C25-2421-4A2C-9205-B7A209B1BD8C}.Debug|Any CPU.ActiveCfg = Debug
		{27C87C25-2421-4A2C-9205-B7A209B1BD8C}.Release|Any CPU.ActiveCfg = Release
		{8FF1C97C-785D-477A-BCD0-87185414267B}.Debug|Any CPU.ActiveCfg = Debug
		{8FF1C97C-785D-477A-BCD0-87185414267B}.Release|Any CPU.ActiveCfg = Release
	EndGlobalSection
	GlobalSection(SolutionProperties) = preSolution
		HideSolutionNode = FALSE
	EndGlobalSection
	GlobalSection(ExtensibilityGlobals) = postSolution
		SolutionGuid = {283CD0F7-4E55-4B52-898A-E0443E95106C}
	EndGlobalSection
EndGlobal
